lockfileVersion: 5.4

specifiers:
  '@nextui-org/react': 1.0.0-beta.9
  concurrently: ^7.0.0

dependencies:
  '@nextui-org/react': 1.0.0-beta.9
  concurrently: 7.3.0

packages:

  /@babel/runtime/7.9.6:
    resolution: {integrity: sha512-64AF1xY3OAkFHqOb9s4jpgk1Mm5vDZ4L3acHvAml+53nO1XbXLuDodsVpO4OIUsmemlUHMxNdYMNJmsvOwLrvQ==}
    dependencies:
      regenerator-runtime: 0.13.9
    dev: false

  /@formatjs/ecma402-abstract/1.11.8:
    resolution: {integrity: sha512-fgLqyWlwmTEuqV/TSLEL/t9JOmHNLFvCdgzXB0jc2w+WOItPCOJ1T0eyN6fQBQKRPfSqqNlu+kWj7ijcOVTVVQ==}
    dependencies:
      '@formatjs/intl-localematcher': 0.2.28
      tslib: 2.4.0
    dev: false

  /@formatjs/fast-memoize/1.2.4:
    resolution: {integrity: sha512-9ARYoLR8AEzXvj2nYrOVHY/h1dDMDWGTnKDLXSISF1uoPakSmfcZuSqjiqZX2wRkEUimPxdwTu/agyozBtZRHA==}
    dependencies:
      tslib: 2.4.0
    dev: false

  /@formatjs/icu-messageformat-parser/2.1.4:
    resolution: {integrity: sha512-3PqMvKWV1oyok0BuiXUAHIaotdhdTJw6OICqCZbfUgKT+ZRwRWO4IlCgvXJeCITaKS5p+PY0XXKjf/vUyIpWjQ==}
    dependencies:
      '@formatjs/ecma402-abstract': 1.11.8
      '@formatjs/icu-skeleton-parser': 1.3.10
      tslib: 2.4.0
    dev: false

  /@formatjs/icu-skeleton-parser/1.3.10:
    resolution: {integrity: sha512-kXJmtLDqFF5aLTf8IxdJXnhrIX1Qb4Qp3a9jqRecGDYfzOa9hMhi9U0nKyhrJJ4cXxBzptcgb+LWkyeHL6nlBQ==}
    dependencies:
      '@formatjs/ecma402-abstract': 1.11.8
      tslib: 2.4.0
    dev: false

  /@formatjs/intl-localematcher/0.2.28:
    resolution: {integrity: sha512-FLsc6Gifs1np/8HnCn/7Q+lHMmenrD5fuDhRT82yj0gi9O19kfaFwjQUw1gZsyILuRyT93GuzdifHj7TKRhBcw==}
    dependencies:
      tslib: 2.4.0
    dev: false

  /@internationalized/date/3.0.0-rc.1:
    resolution: {integrity: sha512-IHc1NqUTA/fo9nf0pwRXrMjrabJ/9vTw5RIFAF3qS8JsdEGnw3dIyDb/+ipjEEqZyHVHHXwnqD8hKM18gGoWTg==}
    dependencies:
      '@babel/runtime': 7.9.6
    dev: false

  /@internationalized/date/3.0.1:
    resolution: {integrity: sha512-E/3lASs4mAeJ2Z2ye6ab7eUD0bPUfTeNVTAv6IS+ne9UtMu9Uepb9A1U2Ae0hDr6WAlBuvUtrakaxEdYB9TV6Q==}
    dependencies:
      '@babel/runtime': 7.9.6
    dev: false

  /@internationalized/message/3.0.9:
    resolution: {integrity: sha512-yHQggKWUuSvj1GznVtie4tcYq+xMrkd/lTKCFHp6gG18KbIliDw+UI7sL9+yJPGuWiR083xuLyyhzqiPbNOEww==}
    dependencies:
      '@babel/runtime': 7.9.6
      intl-messageformat: 10.1.1
    dev: false

  /@internationalized/number/3.1.1:
    resolution: {integrity: sha512-dBxCQKIxvsZvW2IBt3KsqrCfaw2nV6o6a8xsloJn/hjW0ayeyhKuiiMtTwW3/WGNPP7ZRyDbtuiUEjMwif1ENQ==}
    dependencies:
      '@babel/runtime': 7.9.6
    dev: false

  /@internationalized/string/3.0.0:
    resolution: {integrity: sha512-NUSr4u+mNu5BysXFeVWZW4kvjXylPkU/YYqaWzdNuz1eABfehFiZTEYhWAAMzI3U8DTxfqF9PM3zyhk5gcfz6w==}
    dependencies:
      '@babel/runtime': 7.9.6
    dev: false

  /@nextui-org/react/1.0.0-beta.9:
    resolution: {integrity: sha512-V8SmkdcCKcPZsF2BWV2rXi2e4Q+5c8r3G1QjvIhyRdm81xicbZFMzIga0KMrccj8lshDSoa8pErxQdnzosjyTg==}
    peerDependencies:
      react: '>=16.8.0'
      react-dom: '>=16.8.0'
    dependencies:
      '@babel/runtime': 7.9.6
      '@react-aria/button': 3.5.0
      '@react-aria/checkbox': 3.4.0
      '@react-aria/dialog': 3.2.0
      '@react-aria/focus': 3.6.0
      '@react-aria/i18n': 3.4.0
      '@react-aria/interactions': 3.9.0
      '@react-aria/label': 3.3.0
      '@react-aria/menu': 3.5.0
      '@react-aria/overlays': 3.9.0
      '@react-aria/radio': 3.2.0
      '@react-aria/ssr': 3.2.0
      '@react-aria/table': 3.3.0
      '@react-aria/utils': 3.13.0
      '@react-aria/visually-hidden': 3.3.0
      '@react-stately/checkbox': 3.1.0
      '@react-stately/data': 3.5.0
      '@react-stately/overlays': 3.3.0
      '@react-stately/radio': 3.4.0
      '@react-stately/table': 3.2.0
      '@react-stately/toggle': 3.3.0
      '@react-stately/tree': 3.3.0
      '@react-types/button': 3.6.0
      '@react-types/checkbox': 3.3.0
      '@react-types/grid': 3.1.0
      '@react-types/menu': 3.6.0
      '@react-types/overlays': 3.6.0
      '@react-types/shared': 3.13.0
      '@stitches/react': 1.2.8
    dev: false

  /@react-aria/button/3.5.0:
    resolution: {integrity: sha512-S15W77YemT5g8jNHr8QpIHqT242TxpiBwzj3D0HsQFKoTEb5uXoNAIqZinDjhmbl4ovx2s7h/XevqDNEzvjAtw==}
    peerDependencies:
      react: ^16.8.0 || ^17.0.0-rc.1 || ^18.0.0
    dependencies:
      '@babel/runtime': 7.9.6
      '@react-aria/focus': 3.6.0
      '@react-aria/interactions': 3.9.0
      '@react-aria/utils': 3.13.0
      '@react-stately/toggle': 3.3.0
      '@react-types/button': 3.6.0
    dev: false

  /@react-aria/checkbox/3.4.0:
    resolution: {integrity: sha512-G1lxa7Glb0HWOjPyA4bYx8n3vAPGF7GKpZ7E4wGnMt3UQfslHavhEmtFyplt3l0f4OkhV8E/yr8SXnNb0cZDLQ==}
    peerDependencies:
      react: ^16.8.0 || ^17.0.0-rc.1 || ^18.0.0
    dependencies:
      '@babel/runtime': 7.9.6
      '@react-aria/label': 3.3.0
      '@react-aria/toggle': 3.3.2
      '@react-aria/utils': 3.13.0
      '@react-stately/checkbox': 3.1.0
      '@react-stately/toggle': 3.3.0
      '@react-types/checkbox': 3.3.0
    dev: false

  /@react-aria/dialog/3.2.0:
    resolution: {integrity: sha512-ScjjfpNw9cvznuGjG+Q15U6wvLkwF++0NbE7v9PILWp1Vs3UHFyKJ7VrxUiDuG20rM3gfTYP8hi55CjwY7wbNA==}
    peerDependencies:
      react: ^16.8.0 || ^17.0.0-rc.1 || ^18.0.0
    dependencies:
      '@babel/runtime': 7.9.6
      '@react-aria/focus': 3.6.0
      '@react-aria/utils': 3.13.0
      '@react-stately/overlays': 3.3.0
      '@react-types/dialog': 3.4.2
    dev: false

  /@react-aria/focus/3.6.0:
    resolution: {integrity: sha512-1XuwDvhrmLcNnYHBFzwmZOoXuxkybRc8MUhiGLYRD1aVX1h9GarglYo9sfbGZNRO5jxMptXjtJv2rdWz1mHmQw==}
    peerDependencies:
      react: ^16.8.0 || ^17.0.0-rc.1 || ^18.0.0
    dependencies:
      '@babel/runtime': 7.9.6
      '@react-aria/interactions': 3.9.0
      '@react-aria/utils': 3.13.0
      '@react-types/shared': 3.13.0
      clsx: 1.2.1
    dev: false

  /@react-aria/focus/3.7.0:
    resolution: {integrity: sha512-LydZSLBLEUklakM0Ogdk17F3f/Uwaj5Nl1mfcK8HhrroGT8A8XH0KjA9D6gM6JGHgxZemx0ufOgxhQZeBGQMQw==}
    peerDependencies:
      react: ^16.8.0 || ^17.0.0-rc.1 || ^18.0.0
    dependencies:
      '@babel/runtime': 7.9.6
      '@react-aria/interactions': 3.10.0
      '@react-aria/utils': 3.13.2
      '@react-types/shared': 3.14.0
      clsx: 1.2.1
    dev: false

  /@react-aria/grid/3.4.0:
    resolution: {integrity: sha512-izIig52FV+uRzRuenRZ8CNLoivpT5yXsN6414RXKNnyCWDfBrllUvJYndll0ngrBKTjd6tmqJM8Y3kja/7+A9A==}
    peerDependencies:
      react: ^16.8.0 || ^17.0.0-rc.1 || ^18.0.0
      react-dom: ^16.8.0 || ^17.0.0-rc.1 || ^18.0.0
    dependencies:
      '@babel/runtime': 7.9.6
      '@react-aria/focus': 3.7.0
      '@react-aria/i18n': 3.5.1
      '@react-aria/interactions': 3.10.0
      '@react-aria/live-announcer': 3.1.1
      '@react-aria/selection': 3.10.0
      '@react-aria/utils': 3.13.2
      '@react-stately/grid': 3.3.0
      '@react-stately/selection': 3.10.2
      '@react-stately/virtualizer': 3.2.2
      '@react-types/checkbox': 3.3.2
      '@react-types/grid': 3.1.2
      '@react-types/shared': 3.14.0
    dev: false

  /@react-aria/i18n/3.4.0:
    resolution: {integrity: sha512-2pU13zT9bgD4eMlqfJ/Um2wjYRS7ORvR0jqGSfNzY9Lx+1IeSCqTkBNubT7bCV+Oc0LMUR93fGRDxfdtMyJCog==}
    peerDependencies:
      react: ^16.8.0 || ^17.0.0-rc.1 || ^18.0.0
    dependencies:
      '@babel/runtime': 7.9.6
      '@internationalized/date': 3.0.0-rc.1
      '@internationalized/message': 3.0.9
      '@internationalized/number': 3.1.1
      '@react-aria/ssr': 3.2.0
      '@react-aria/utils': 3.13.0
      '@react-types/shared': 3.13.0
    dev: false

  /@react-aria/i18n/3.5.1:
    resolution: {integrity: sha512-PtlQ/W1PXVKzCGK86MuGuCzYBwENDBjrQ2a4ux+BBQ2Dk8ZXEARSp9JaMFuOdiloXc/p4FoxCVoB+lhu4RCScg==}
    peerDependencies:
      react: ^16.8.0 || ^17.0.0-rc.1 || ^18.0.0
    dependencies:
      '@babel/runtime': 7.9.6
      '@internationalized/date': 3.0.1
      '@internationalized/message': 3.0.9
      '@internationalized/number': 3.1.1
      '@internationalized/string': 3.0.0
      '@react-aria/ssr': 3.3.0
      '@react-aria/utils': 3.13.2
      '@react-types/shared': 3.14.0
    dev: false

  /@react-aria/interactions/3.10.0:
    resolution: {integrity: sha512-Lp74VfF+EskT3IqK2MBMdJpJU48p60+YkMbgtoDF6LudNO8jw0nxcsvnimPriTSkZWINRpajG/9sIa0EIDcQKw==}
    peerDependencies:
      react: ^16.8.0 || ^17.0.0-rc.1 || ^18.0.0
    dependencies:
      '@babel/runtime': 7.9.6
      '@react-aria/utils': 3.13.2
      '@react-types/shared': 3.14.0
    dev: false

  /@react-aria/interactions/3.9.0:
    resolution: {integrity: sha512-tf9vJtHf7DSnj4e/q19hoO5h61xb0qxNXUkOwaVwU1XlaA+eh+Qas2RF0GIMARLj+JhGX9y2nLjw3FK8F+pItQ==}
    peerDependencies:
      react: ^16.8.0 || ^17.0.0-rc.1 || ^18.0.0
    dependencies:
      '@babel/runtime': 7.9.6
      '@react-aria/utils': 3.13.0
      '@react-types/shared': 3.13.0
    dev: false

  /@react-aria/label/3.3.0:
    resolution: {integrity: sha512-E8vOEWv04xGasDigbNtB0JOcq5ZLyPEbbOFSa5VgB7LfXu3i+82ZSAjTA1OtZwOc6MiiXRs5BuKx5HgiZn3HHA==}
    peerDependencies:
      react: ^16.8.0 || ^17.0.0-rc.1 || ^18.0.0
    dependencies:
      '@babel/runtime': 7.9.6
      '@react-aria/utils': 3.13.0
      '@react-types/label': 3.6.2
      '@react-types/shared': 3.13.0
    dev: false

  /@react-aria/live-announcer/3.1.1:
    resolution: {integrity: sha512-e7b+dRh1SUTla42vzjdbhGYkeLD7E6wIYjYaHW9zZ37rBkSqLHUhTigh3eT3k5NxFlDD/uRxTYuwaFnWQgR+4g==}
    dependencies:
      '@babel/runtime': 7.9.6
    dev: false

  /@react-aria/menu/3.5.0:
    resolution: {integrity: sha512-Y5L9ESVnTG2eUOmLk33oQEl5UEK/hCw50udOEqjPBgOVv4drIr8sc4ZcoB0U6IVVKbLHEskhW/ExqlJd6GSACQ==}
    peerDependencies:
      react: ^16.8.0 || ^17.0.0-rc.1 || ^18.0.0
      react-dom: ^16.8.0 || ^17.0.0-rc.1 || ^18.0.0
    dependencies:
      '@babel/runtime': 7.9.6
      '@react-aria/i18n': 3.4.0
      '@react-aria/interactions': 3.9.0
      '@react-aria/overlays': 3.9.0
      '@react-aria/selection': 3.10.0
      '@react-aria/utils': 3.13.0
      '@react-stately/collections': 3.4.2
      '@react-stately/menu': 3.4.0
      '@react-stately/tree': 3.3.0
      '@react-types/button': 3.6.0
      '@react-types/menu': 3.6.0
      '@react-types/shared': 3.13.0
    dev: false

  /@react-aria/overlays/3.9.0:
    resolution: {integrity: sha512-YeZ+/0yfBAcqhuRF/Aas5ga9rZWff3EkhisEy1yXjOrf5veedqb05CsyjRkefZzmUeUggfq/AmqX0DJBlZFbxg==}
    peerDependencies:
      react: ^16.8.0 || ^17.0.0-rc.1 || ^18.0.0
      react-dom: ^16.8.0 || ^17.0.0-rc.1 || ^18.0.0
    dependencies:
      '@babel/runtime': 7.9.6
      '@react-aria/i18n': 3.4.0
      '@react-aria/interactions': 3.9.0
      '@react-aria/utils': 3.13.0
      '@react-aria/visually-hidden': 3.3.0
      '@react-stately/overlays': 3.3.0
      '@react-types/button': 3.6.0
      '@react-types/overlays': 3.6.0
      '@react-types/shared': 3.13.0
      dom-helpers: 5.2.1
      react-transition-group: 4.4.5
    dev: false

  /@react-aria/radio/3.2.0:
    resolution: {integrity: sha512-siJmgPckrc29W7dt1g9P2w6wNHMIVKaBSJfP3uQ3qTJcDdTF4sTcK+cre+2peuWrHJiYOCQW1mrRYqfgARDUaA==}
    peerDependencies:
      react: ^16.8.0 || ^17.0.0-rc.1 || ^18.0.0
    dependencies:
      '@babel/runtime': 7.9.6
      '@react-aria/focus': 3.6.0
      '@react-aria/i18n': 3.4.0
      '@react-aria/interactions': 3.9.0
      '@react-aria/label': 3.3.0
      '@react-aria/utils': 3.13.0
      '@react-stately/radio': 3.4.0
      '@react-types/radio': 3.2.2
    dev: false

  /@react-aria/selection/3.10.0:
    resolution: {integrity: sha512-VvFgNRrM0kK6aqyMTeTN+pguyvYN9Wu3viftnZyk89uo2+9hfmU7DLhz5kXkdJY9UNzn033jYGwJdWEuqRq65g==}
    peerDependencies:
      react: ^16.8.0 || ^17.0.0-rc.1 || ^18.0.0
    dependencies:
      '@babel/runtime': 7.9.6
      '@react-aria/focus': 3.7.0
      '@react-aria/i18n': 3.5.1
      '@react-aria/interactions': 3.10.0
      '@react-aria/utils': 3.13.2
      '@react-stately/collections': 3.4.2
      '@react-stately/selection': 3.10.2
      '@react-types/shared': 3.14.0
    dev: false

  /@react-aria/ssr/3.2.0:
    resolution: {integrity: sha512-wwJFdkl+Q8NU5yJ4NvdAOqx5LM3QtUVoSjuK7Ey8jZ4WS4bB0EqT3Kr3IInBs257HzZ5nXCiKXKE4NGXXuIRWA==}
    peerDependencies:
      react: ^16.8.0 || ^17.0.0-rc.1 || ^18.0.0
    dependencies:
      '@babel/runtime': 7.9.6
    dev: false

  /@react-aria/ssr/3.3.0:
    resolution: {integrity: sha512-yNqUDuOVZIUGP81R87BJVi/ZUZp/nYOBXbPsRe7oltJOfErQZD+UezMpw4vM2KRz18cURffvmC8tJ6JTeyDtaQ==}
    peerDependencies:
      react: ^16.8.0 || ^17.0.0-rc.1 || ^18.0.0
    dependencies:
      '@babel/runtime': 7.9.6
    dev: false

  /@react-aria/table/3.3.0:
    resolution: {integrity: sha512-OYKO0qd/oWYhtbStGByyaRxvz3MSFY+8yIhp5ibr/3fBQw6PuCXAUMJGhhHj+boFVx0Qx+LUWtDk0LOPt5aA0w==}
    peerDependencies:
      react: ^16.8.0 || ^17.0.0-rc.1 || ^18.0.0
      react-dom: ^16.8.0 || ^17.0.0-rc.1 || ^18.0.0
    dependencies:
      '@babel/runtime': 7.9.6
      '@react-aria/focus': 3.6.0
      '@react-aria/grid': 3.4.0
      '@react-aria/i18n': 3.4.0
      '@react-aria/interactions': 3.9.0
      '@react-aria/live-announcer': 3.1.1
      '@react-aria/selection': 3.10.0
      '@react-aria/utils': 3.13.0
      '@react-stately/table': 3.2.0
      '@react-stately/virtualizer': 3.2.2
      '@react-types/checkbox': 3.3.0
      '@react-types/grid': 3.1.0
      '@react-types/shared': 3.13.0
      '@react-types/table': 3.3.0
    dev: false

  /@react-aria/toggle/3.3.2:
    resolution: {integrity: sha512-U+npP5XtNBs+e5T1UZDw5UhG8PJwnx+p68+GTY20UMVCTHtuNyjzjmI9nI3b9oVGcJ3ZKfvQAWq2uOqBjF/W3A==}
    peerDependencies:
      react: ^16.8.0 || ^17.0.0-rc.1 || ^18.0.0
    dependencies:
      '@babel/runtime': 7.9.6
      '@react-aria/focus': 3.7.0
      '@react-aria/interactions': 3.10.0
      '@react-aria/utils': 3.13.2
      '@react-stately/toggle': 3.4.0
      '@react-types/checkbox': 3.3.2
      '@react-types/shared': 3.14.0
      '@react-types/switch': 3.2.2
    dev: false

  /@react-aria/utils/3.13.0:
    resolution: {integrity: sha512-iF/yYkUVCc2Cgyu7o8oE6w7a67P/M8gXKDR2tp592Be6iUKQPy2kb49VvSh+Bom6Wq/To3h4UBOLFI6I0VXJYA==}
    peerDependencies:
      react: ^16.8.0 || ^17.0.0-rc.1 || ^18.0.0
    dependencies:
      '@babel/runtime': 7.9.6
      '@react-aria/ssr': 3.2.0
      '@react-stately/utils': 3.5.1
      '@react-types/shared': 3.13.0
      clsx: 1.2.1
    dev: false

  /@react-aria/utils/3.13.2:
    resolution: {integrity: sha512-VTI8tv9m/BxE/lPTNCZN1fcHuY540xm+HT1vg2ZQCryudUWvzQkHi+h0z32DhiGHhvRFIGdH/enf3psip7ZLTQ==}
    peerDependencies:
      react: ^16.8.0 || ^17.0.0-rc.1 || ^18.0.0
    dependencies:
      '@babel/runtime': 7.9.6
      '@react-aria/ssr': 3.3.0
      '@react-stately/utils': 3.5.1
      '@react-types/shared': 3.14.0
      clsx: 1.2.1
    dev: false

  /@react-aria/visually-hidden/3.3.0:
    resolution: {integrity: sha512-pnm4CzO/pI/2xfDMY9OcnlLqYYpaE1bIAwDdFzkXr6ldcR+4kG6N0dJprL6x+ZMgXbztfxUDSPLmexVQShmFsQ==}
    peerDependencies:
      react: ^16.8.0 || ^17.0.0-rc.1 || ^18.0.0
    dependencies:
      '@babel/runtime': 7.9.6
      '@react-aria/interactions': 3.9.0
      '@react-aria/utils': 3.13.0
      clsx: 1.2.1
    dev: false

  /@react-stately/checkbox/3.1.0:
    resolution: {integrity: sha512-K4c2etj5DCNjvNFP7PaKZxKlRwX/DmpcJzhCQX29jmZJtLsrjsVhLrVNr59NleHbHVsOifF1GwbPlVUKbL5Y0w==}
    peerDependencies:
      react: ^16.8.0 || ^17.0.0-rc.1 || ^18.0.0
    dependencies:
      '@babel/runtime': 7.9.6
      '@react-stately/toggle': 3.3.0
      '@react-stately/utils': 3.5.1
      '@react-types/checkbox': 3.3.0
    dev: false

  /@react-stately/collections/3.4.2:
    resolution: {integrity: sha512-CmLVWtbX4r3QaTNdI6edtrRKIZRKPuxyD7TmVIaoZBdaOXStTP4wOgyPN1ELww9bvW0MoOaQBbUn5WAPrfifFw==}
    peerDependencies:
      react: ^16.8.0 || ^17.0.0-rc.1 || ^18.0.0
    dependencies:
      '@babel/runtime': 7.9.6
      '@react-types/shared': 3.14.0
    dev: false

  /@react-stately/data/3.5.0:
    resolution: {integrity: sha512-Ww/tYEg0pOY870DJ7wTSlyCJ44jlwtmRuFsd649wD8pNKrYqkExYMO/gK9mfhR5hwaaHsubKl+XgqEgqHCr97g==}
    peerDependencies:
      react: ^16.8.0 || ^17.0.0-rc.1 || ^18.0.0
    dependencies:
      '@babel/runtime': 7.9.6
      '@react-types/shared': 3.13.0
    dev: false

  /@react-stately/grid/3.3.0:
    resolution: {integrity: sha512-30z4Kki5QWZvR22f3UrA18eMDOcXmQFzAq5pHbRs1LvxJAaqeAD2KzCT70MCgoA5XzyiOrvIPrKTBRf48du45w==}
    peerDependencies:
      react: ^16.8.0 || ^17.0.0-rc.1 || ^18.0.0
    dependencies:
      '@babel/runtime': 7.9.6
      '@react-stately/selection': 3.10.2
      '@react-types/grid': 3.1.2
      '@react-types/shared': 3.14.0
    dev: false

  /@react-stately/menu/3.4.0:
    resolution: {integrity: sha512-xdNS3K0PmSjpNhH/Xnskfexxyo909Jkkfux4zhP5Ivk4Vkp0eThb6v9AIomUAo163PuOnHQFen1ZmwFEs92xMw==}
    peerDependencies:
      react: ^16.8.0 || ^17.0.0-rc.1 || ^18.0.0
    dependencies:
      '@babel/runtime': 7.9.6
      '@react-stately/overlays': 3.4.0
      '@react-stately/utils': 3.5.1
      '@react-types/menu': 3.7.0
      '@react-types/shared': 3.14.0
    dev: false

  /@react-stately/overlays/3.3.0:
    resolution: {integrity: sha512-x8ASMyhib7mL4ITgZQXUaTGGkFPZz4qPJVThdx9i6q1iu0CpO7hXpPxzrUFKPV+JV/fyXlWbo3n7tWBE2yHTVw==}
    peerDependencies:
      react: ^16.8.0 || ^17.0.0-rc.1 || ^18.0.0
    dependencies:
      '@babel/runtime': 7.9.6
      '@react-stately/utils': 3.5.1
      '@react-types/overlays': 3.6.0
    dev: false

  /@react-stately/overlays/3.4.0:
    resolution: {integrity: sha512-jXVm1V91lWOKh73cFvE9W9JtAE8idSWEUtFlVrlBI/jh0ZOt148UlRVWgHrm7FhaUpyvOFNUyfidRmKMuB+hgw==}
    peerDependencies:
      react: ^16.8.0 || ^17.0.0-rc.1 || ^18.0.0
    dependencies:
      '@babel/runtime': 7.9.6
      '@react-stately/utils': 3.5.1
      '@react-types/overlays': 3.6.2
    dev: false

  /@react-stately/radio/3.4.0:
    resolution: {integrity: sha512-rdZbMzhVjFkN1BjhK4qZ61wddnFdkRzTPIXqpFo+iMD9x8VEn3lmOkOLIHUs0OyyMP0E/0Aje+F2ZT6/zqq6PA==}
    peerDependencies:
      react: ^16.8.0 || ^17.0.0-rc.1 || ^18.0.0
    dependencies:
      '@babel/runtime': 7.9.6
      '@react-stately/utils': 3.5.1
      '@react-types/radio': 3.2.2
    dev: false

  /@react-stately/selection/3.10.2:
    resolution: {integrity: sha512-3/iw0BpShWt5ie+YpOzi4Mpa3yKOtlKQZXEc0fZt3v3m3N3fMoCr7Ovkfuz5Svy47HIIN1Pk1WkRJC+CQ4hfDw==}
    peerDependencies:
      react: ^16.8.0 || ^17.0.0-rc.1 || ^18.0.0
    dependencies:
      '@babel/runtime': 7.9.6
      '@react-stately/collections': 3.4.2
      '@react-stately/utils': 3.5.1
      '@react-types/shared': 3.14.0
    dev: false

  /@react-stately/table/3.2.0:
    resolution: {integrity: sha512-W4MJITIxma6PCpRX1Z9vi6F35mJiwpM+g24yVG7VK6JD9Fbiw2nIPJf5ZYo11EI2PdIJlamv/xYqYtn2kmGlWw==}
    peerDependencies:
      react: ^16.8.0 || ^17.0.0-rc.1 || ^18.0.0
    dependencies:
      '@babel/runtime': 7.9.6
      '@react-aria/utils': 3.13.0
      '@react-stately/collections': 3.4.2
      '@react-stately/grid': 3.3.0
      '@react-stately/selection': 3.10.2
      '@react-types/grid': 3.1.0
      '@react-types/shared': 3.14.0
      '@react-types/table': 3.3.0
    dev: false

  /@react-stately/toggle/3.3.0:
    resolution: {integrity: sha512-fiVT1yw9qBBWyfFviUwNR4AcdCnN7TPAX2VpuL7LO7zB1a+sOGiTz3nTnHI4837trvpsXHpCvYXTBMY6yxGEMg==}
    peerDependencies:
      react: ^16.8.0 || ^17.0.0-rc.1 || ^18.0.0
    dependencies:
      '@babel/runtime': 7.9.6
      '@react-stately/utils': 3.5.1
      '@react-types/checkbox': 3.3.0
      '@react-types/shared': 3.13.0
    dev: false

  /@react-stately/toggle/3.4.0:
    resolution: {integrity: sha512-7kPxR2+Aze7NmpWWOQanRsQvmz7R+Sdlu+2xi0Wh5LPFg+lkXSiGY63uM2amxZcbFb0Mhy5ExlRpF53ReZjEOA==}
    peerDependencies:
      react: ^16.8.0 || ^17.0.0-rc.1 || ^18.0.0
    dependencies:
      '@babel/runtime': 7.9.6
      '@react-stately/utils': 3.5.1
      '@react-types/checkbox': 3.3.2
      '@react-types/shared': 3.14.0
    dev: false

  /@react-stately/tree/3.3.0:
    resolution: {integrity: sha512-Ic3QMRlrLbbnYPEbiraJdDAcrOnaLd7nJK7qG/cq7Jg7gfruqbO4XFzy+2w7I5B2BbXqFCivtCgEQZIYsgMaSw==}
    peerDependencies:
      react: ^16.8.0 || ^17.0.0-rc.1 || ^18.0.0
    dependencies:
      '@babel/runtime': 7.9.6
      '@react-stately/collections': 3.4.2
      '@react-stately/selection': 3.10.2
      '@react-stately/utils': 3.5.1
      '@react-types/shared': 3.13.0
    dev: false

  /@react-stately/utils/3.5.1:
    resolution: {integrity: sha512-INeQ5Er2Jm+db8Py4upKBtgfzp3UYgwXYmbU/XJn49Xw27ktuimH9e37qP3bgHaReb5L3g8IrGs38tJUpnGPHA==}
    peerDependencies:
      react: ^16.8.0 || ^17.0.0-rc.1 || ^18.0.0
    dependencies:
      '@babel/runtime': 7.9.6
    dev: false

  /@react-stately/virtualizer/3.2.2:
    resolution: {integrity: sha512-I0dbohDkG+Gm750YxlAp9qy6uE3HxWRBQjrvBdswuIscaBVp/espYqMvgVwxVnQnkcIcVdKZZ/gvT8HZwkR9lg==}
    peerDependencies:
      react: ^16.8.0 || ^17.0.0-rc.1 || ^18.0.0
    dependencies:
      '@babel/runtime': 7.9.6
      '@react-aria/utils': 3.13.2
      '@react-types/shared': 3.14.0
    dev: false

  /@react-types/button/3.6.0:
    resolution: {integrity: sha512-ijCi07TkLmwU3Qtn8IzKJi1nugZj8Ln0+w2OZPRJS/tRFv48qgNsOXum54W5i9W0yg/I7VQiPjm+YsQS51g7gA==}
    peerDependencies:
      react: ^16.8.0 || ^17.0.0-rc.1 || ^18.0.0
    dependencies:
      '@react-types/shared': 3.14.0
    dev: false

  /@react-types/checkbox/3.3.0:
    resolution: {integrity: sha512-aAlorLrY9mTQ01hBSXP+p5dXVLmhwYwPu+lW8rJSosyaZFtaV6GdNHaYb/NioR5YjiMInableWvIxSuTurrMmA==}
    peerDependencies:
      react: ^16.8.0 || ^17.0.0-rc.1 || ^18.0.0
    dependencies:
      '@react-types/shared': 3.13.0
    dev: false

  /@react-types/checkbox/3.3.2:
    resolution: {integrity: sha512-s1bgqL4qfEMEasePayukZ6pzpIzfAG1OuVmpARz0kVdVaN7e+B4+dRJ0nDtiQf/TjNLg45ZlG3NTXJ1hsZPelQ==}
    peerDependencies:
      react: ^16.8.0 || ^17.0.0-rc.1 || ^18.0.0
    dependencies:
      '@react-types/shared': 3.14.0
    dev: false

  /@react-types/dialog/3.4.2:
    resolution: {integrity: sha512-ub5KrXuN0VELqIKDKuj+ySalcliIneuVnwnX83XbW+xSs9/zFo5WwALU0YxP77rzwIyuu6ziQ8CUZ7rHhLa0hQ==}
    peerDependencies:
      react: ^16.8.0 || ^17.0.0-rc.1 || ^18.0.0
    dependencies:
      '@react-types/overlays': 3.6.2
      '@react-types/shared': 3.14.0
    dev: false

  /@react-types/grid/3.1.0:
    resolution: {integrity: sha512-cQNHz5qHw4GDSWTgu1hUXj7aXly/WmqUMIMnpwfqOt9UYFDH/9cIXvGfwUH+7wSVEdJQrkMYtHp1lpP8INWmew==}
    peerDependencies:
      react: ^16.8.0 || ^17.0.0-rc.1 || ^18.0.0
    dependencies:
      '@react-types/shared': 3.14.0
    dev: false

  /@react-types/grid/3.1.2:
    resolution: {integrity: sha512-9mKhtBZiGlok1APRSR+hTKYFgx8XxRBBLG20/xPI1C8xCGNZvOz7CmK57LmlwYsN1BLo3S2vLOd6+M1qrw2yVg==}
    peerDependencies:
      react: ^16.8.0 || ^17.0.0-rc.1 || ^18.0.0
    dependencies:
      '@react-types/shared': 3.14.0
    dev: false

  /@react-types/label/3.6.2:
    resolution: {integrity: sha512-fxivJ3MKYbNhE8z/zPpmvN2R7XNGpaTQ5Rm7/ueIou5VkrZnZmDJv0+wIs9xF8l6Bq6Nx7k899OK0u38XTgwNw==}
    peerDependencies:
      react: ^16.8.0 || ^17.0.0-rc.1 || ^18.0.0
    dependencies:
      '@react-types/shared': 3.14.0
    dev: false

  /@react-types/menu/3.6.0:
    resolution: {integrity: sha512-GO6GjM+WH+8nOC9c1sVBPE9dYC5vKGBCNA3YxleQq9T2unFB0NOZc8hbzbFcAdwn7NnQbV9eLc0XHpUEkL9NLA==}
    peerDependencies:
      react: ^16.8.0 || ^17.0.0-rc.1 || ^18.0.0
    dependencies:
      '@react-types/overlays': 3.6.0
      '@react-types/shared': 3.13.0
    dev: false

  /@react-types/menu/3.7.0:
    resolution: {integrity: sha512-1kEyyb0tERlPdZ67lsC2fMZ2TTh0OdS1hcb01PrSkGna/S+H/Q9M65Xc+q9eu7QoC4+DN4Flh/7vNRT82kVlHg==}
    peerDependencies:
      react: ^16.8.0 || ^17.0.0-rc.1 || ^18.0.0
    dependencies:
      '@react-types/overlays': 3.6.2
      '@react-types/shared': 3.14.0
    dev: false

  /@react-types/overlays/3.6.0:
    resolution: {integrity: sha512-atoRgctzNHxWE4qhI2YLI/0Y9bicsib3EnaliV0jUQf2oJMr0S8yKVwwx+K0ENh9Ah00XBEFQxkjgP1q3xQQYw==}
    peerDependencies:
      react: ^16.8.0 || ^17.0.0-rc.1 || ^18.0.0
    dependencies:
      '@react-types/shared': 3.13.0
    dev: false

  /@react-types/overlays/3.6.2:
    resolution: {integrity: sha512-ag9UCIlcNCvMHBORRksdLnQK3ef+CEbrt+TydOxBAxAf+87fXJ/0H6hP/4QTebEA2ixA0qz8CFga81S8ZGnOsQ==}
    peerDependencies:
      react: ^16.8.0 || ^17.0.0-rc.1 || ^18.0.0
    dependencies:
      '@react-types/shared': 3.14.0
    dev: false

  /@react-types/radio/3.2.2:
    resolution: {integrity: sha512-JBnfEUu4T6Z+SRsALKnzmx/4AqeIbdHEOumHSlAlX5iLPUywvELn22PVvF+YHh7bOeXKcVv+4/rXnTZWcsAK1g==}
    peerDependencies:
      react: ^16.8.0 || ^17.0.0-rc.1 || ^18.0.0
    dependencies:
      '@react-types/shared': 3.14.0
    dev: false

  /@react-types/shared/3.13.0:
    resolution: {integrity: sha512-ha+Xzn6gG/aww2nl7A6kYSJdYQypTxdYgNrJvddDB7h0QuyVQTf27iVleOWrmkHQ1TM9Q/FUbMdJ93CgdtP26g==}
    peerDependencies:
      react: ^16.8.0 || ^17.0.0-rc.1 || ^18.0.0
    dev: false

  /@react-types/shared/3.14.0:
    resolution: {integrity: sha512-K069Bh/P0qV3zUG8kqabeO8beAUlFdyVPvpcNVPjRl+0Q9NDS9mfdQbmUa0LqdVo5e6jRPdos77Ylflkrz8wcw==}
    peerDependencies:
      react: ^16.8.0 || ^17.0.0-rc.1 || ^18.0.0
    dev: false

  /@react-types/switch/3.2.2:
    resolution: {integrity: sha512-DGJP4+3B6yQ86/WaGL9aLjWyLb9x1lAHW1+cXEl016/J2BdlU83Lw4mRr1qaniGLd+1Ft6cvVv7419voPlf3Ng==}
    peerDependencies:
      react: ^16.8.0 || ^17.0.0-rc.1 || ^18.0.0
    dependencies:
      '@react-types/checkbox': 3.3.2
      '@react-types/shared': 3.14.0
    dev: false

  /@react-types/table/3.3.0:
    resolution: {integrity: sha512-spq1h0+RuClbedH26d8SX8bGJUWO3x/MrRuoxN/XThCR+8rayp+QjCz7Pz2a5rqMniRh91O8rOOdqjbWbP4b7g==}
    peerDependencies:
      react: ^16.8.0 || ^17.0.0-rc.1 || ^18.0.0
    dependencies:
      '@react-types/grid': 3.1.2
      '@react-types/shared': 3.14.0
    dev: false

  /@stitches/react/1.2.8:
    resolution: {integrity: sha512-9g9dWI4gsSVe8bNLlb+lMkBYsnIKCZTmvqvDG+Avnn69XfmHZKiaMrx7cgTaddq7aTPPmXiTsbFcUy0xgI4+wA==}
    peerDependencies:
      react: '>= 16.3.0'
    dev: false

  /ansi-regex/5.0.1:
    resolution: {integrity: sha512-quJQXlTSUGL2LH9SUXo8VwsY4soanhgo6LNSm84E1LBcE8s3O0wpdiRzyR9z/ZZJMlMWv37qOOb9pdJlMUEKFQ==}
    engines: {node: '>=8'}
    dev: false

  /ansi-styles/4.3.0:
    resolution: {integrity: sha512-zbB9rCJAT1rbjiVDb2hqKFHNYLxgtk8NURxZ3IZwD3F6NtxbXZQCnnSi1Lkx+IDohdPlFp222wVALIheZJQSEg==}
    engines: {node: '>=8'}
    dependencies:
      color-convert: 2.0.1
    dev: false

  /chalk/4.1.2:
    resolution: {integrity: sha512-oKnbhFyRIXpUuez8iBMmyEa4nbj4IOQyuhc/wy9kY7/WVPcwIO9VA668Pu8RkO7+0G76SLROeyw9CpQ061i4mA==}
    engines: {node: '>=10'}
    dependencies:
      ansi-styles: 4.3.0
      supports-color: 7.2.0
    dev: false

  /cliui/7.0.4:
    resolution: {integrity: sha512-OcRE68cOsVMXp1Yvonl/fzkQOyjLSu/8bhPDfQt0e0/Eb283TKP20Fs2MqoPsr9SwA595rRCA+QMzYc9nBP+JQ==}
    dependencies:
      string-width: 4.2.3
      strip-ansi: 6.0.1
      wrap-ansi: 7.0.0
    dev: false

  /clsx/1.2.1:
    resolution: {integrity: sha512-EcR6r5a8bj6pu3ycsa/E/cKVGuTgZJZdsyUYHOksG/UHIiKfjxzRxYJpyVBwYaQeOvghal9fcc4PidlgzugAQg==}
    engines: {node: '>=6'}
    dev: false

  /color-convert/2.0.1:
    resolution: {integrity: sha512-RRECPsj7iu/xb5oKYcsFHSppFNnsj/52OVTRKb4zP5onXwVF3zVmmToNcOfGC+CRDpfK/U584fMg38ZHCaElKQ==}
    engines: {node: '>=7.0.0'}
    dependencies:
      color-name: 1.1.4
    dev: false

  /color-name/1.1.4:
    resolution: {integrity: sha512-dOy+3AuW3a2wNbZHIuMZpTcgjGuLU/uBL/ubcZF9OXbDo8ff4O8yVp5Bf0efS8uEoYo5q4Fx7dY9OgQGXgAsQA==}
    dev: false

  /concurrently/7.3.0:
    resolution: {integrity: sha512-IiDwm+8DOcFEInca494A8V402tNTQlJaYq78RF2rijOrKEk/AOHTxhN4U1cp7GYKYX5Q6Ymh1dLTBlzIMN0ikA==}
    engines: {node: ^12.20.0 || ^14.13.0 || >=16.0.0}
    hasBin: true
    dependencies:
      chalk: 4.1.2
      date-fns: 2.29.1
      lodash: 4.17.21
      rxjs: 7.5.6
      shell-quote: 1.7.3
      spawn-command: 0.0.2-1
      supports-color: 8.1.1
      tree-kill: 1.2.2
      yargs: 17.5.1
    dev: false

  /csstype/3.1.0:
    resolution: {integrity: sha512-uX1KG+x9h5hIJsaKR9xHUeUraxf8IODOwq9JLNPq6BwB04a/xgpq3rcx47l5BZu5zBPlgD342tdke3Hom/nJRA==}
    dev: false

  /date-fns/2.29.1:
    resolution: {integrity: sha512-dlLD5rKaKxpFdnjrs+5azHDFOPEu4ANy/LTh04A1DTzMM7qoajmKCBc8pkKRFT41CNzw+4gQh79X5C+Jq27HAw==}
    engines: {node: '>=0.11'}
    dev: false

  /dom-helpers/5.2.1:
    resolution: {integrity: sha512-nRCa7CK3VTrM2NmGkIy4cbK7IZlgBE/PYMn55rrXefr5xXDP0LdtfPnblFDoVdcAfslJ7or6iqAUnx0CCGIWQA==}
    dependencies:
      '@babel/runtime': 7.9.6
      csstype: 3.1.0
    dev: false

  /emoji-regex/8.0.0:
    resolution: {integrity: sha512-MSjYzcWNOA0ewAHpz0MxpYFvwg6yjy1NG3xteoqz644VCo/RPgnr1/GGt+ic3iJTzQ8Eu3TdM14SawnVUmGE6A==}
    dev: false

  /escalade/3.1.1:
    resolution: {integrity: sha512-k0er2gUkLf8O0zKJiAhmkTnJlTvINGv7ygDNPbeIsX/TJjGJZHuh9B2UxbsaEkmlEo9MfhrSzmhIlhRlI2GXnw==}
    engines: {node: '>=6'}
    dev: false

  /get-caller-file/2.0.5:
    resolution: {integrity: sha512-DyFP3BM/3YHTQOCUL/w0OZHR0lpKeGrxotcHWcqNEdnltqFwXVfhEBQ94eIo34AfQpo0rGki4cyIiftY06h2Fg==}
    engines: {node: 6.* || 8.* || >= 10.*}
    dev: false

  /has-flag/4.0.0:
    resolution: {integrity: sha512-EykJT/Q1KjTWctppgIAgfSO0tKVuZUjhgMr17kqTumMl6Afv3EISleU7qZUzoXDFTAHTDC4NOoG/ZxU3EvlMPQ==}
    engines: {node: '>=8'}
    dev: false

  /intl-messageformat/10.1.1:
    resolution: {integrity: sha512-FeJne2oooYW6shLPbrqyjRX6hTELVrQ90Dn88z7NomLk/xZBCLxLPAkgaYaTQJBRBV78nZ933d8APHHkTQrD9Q==}
    dependencies:
      '@formatjs/ecma402-abstract': 1.11.8
      '@formatjs/fast-memoize': 1.2.4
      '@formatjs/icu-messageformat-parser': 2.1.4
      tslib: 2.4.0
    dev: false

  /is-fullwidth-code-point/3.0.0:
    resolution: {integrity: sha512-zymm5+u+sCsSWyD9qNaejV3DFvhCKclKdizYaJUuHA83RLjb7nSuGnddCHGv0hk+KY7BMAlsWeK4Ueg6EV6XQg==}
    engines: {node: '>=8'}
    dev: false

  /js-tokens/4.0.0:
    resolution: {integrity: sha512-RdJUflcE3cUzKiMqQgsCu06FPu9UdIJO0beYbPhHN4k6apgJtifcoCtT9bcxOpYBtpD2kCM6Sbzg4CausW/PKQ==}
    dev: false

  /lodash/4.17.21:
    resolution: {integrity: sha512-v2kDEe57lecTulaDIuNTPy3Ry4gLGJ6Z1O3vE1krgXZNrsQ+LFTGHVxVjcXPs17LhbZVGedAJv8XZ1tvj5FvSg==}
    dev: false

  /loose-envify/1.4.0:
    resolution: {integrity: sha512-lyuxPGr/Wfhrlem2CL/UcnUc1zcqKAImBDzukY7Y5F/yQiNdko6+fRLevlw1HgMySw7f611UIY408EtxRSoK3Q==}
    hasBin: true
    dependencies:
      js-tokens: 4.0.0
    dev: false

  /object-assign/4.1.1:
    resolution: {integrity: sha512-rJgTQnkUnH1sFw8yT6VSU3zD3sWmu6sZhIseY8VX+GRu3P6F7Fu+JNDoXfklElbLJSnc3FUQHVe4cU5hj+BcUg==}
    engines: {node: '>=0.10.0'}
    dev: false

  /prop-types/15.8.1:
    resolution: {integrity: sha512-oj87CgZICdulUohogVAR7AjlC0327U4el4L6eAvOqCeudMDVU0NThNaV+b9Df4dXgSP1gXMTnPdhfe/2qDH5cg==}
    dependencies:
      loose-envify: 1.4.0
      object-assign: 4.1.1
      react-is: 16.13.1
    dev: false

  /react-is/16.13.1:
    resolution: {integrity: sha512-24e6ynE2H+OKt4kqsOvNd8kBpV65zoxbA4BVsEOB3ARVWQki/DHzaUoC5KuON/BiccDaCCTZBuOcfZs70kR8bQ==}
    dev: false

  /react-transition-group/4.4.5:
    resolution: {integrity: sha512-pZcd1MCJoiKiBR2NRxeCRg13uCXbydPnmB4EOeRrY7480qNWO8IIgQG6zlDkm6uRMsURXPuKq0GWtiM59a5Q6g==}
    peerDependencies:
      react: '>=16.6.0'
      react-dom: '>=16.6.0'
    dependencies:
      '@babel/runtime': 7.9.6
      dom-helpers: 5.2.1
      loose-envify: 1.4.0
      prop-types: 15.8.1
    dev: false

  /regenerator-runtime/0.13.9:
    resolution: {integrity: sha512-p3VT+cOEgxFsRRA9X4lkI1E+k2/CtnKtU4gcxyaCUreilL/vqI6CdZ3wxVUx3UOUg+gnUOQQcRI7BmSI656MYA==}
    dev: false

  /require-directory/2.1.1:
    resolution: {integrity: sha512-fGxEI7+wsG9xrvdjsrlmL22OMTTiHRwAMroiEeMgq8gzoLC/PQr7RsRDSTLUg/bZAZtF+TVIkHc6/4RIKrui+Q==}
    engines: {node: '>=0.10.0'}
    dev: false

  /rxjs/7.5.6:
    resolution: {integrity: sha512-dnyv2/YsXhnm461G+R/Pe5bWP41Nm6LBXEYWI6eiFP4fiwx6WRI/CD0zbdVAudd9xwLEF2IDcKXLHit0FYjUzw==}
    dependencies:
      tslib: 2.4.0
    dev: false

  /shell-quote/1.7.3:
    resolution: {integrity: sha512-Vpfqwm4EnqGdlsBFNmHhxhElJYrdfcxPThu+ryKS5J8L/fhAwLazFZtq+S+TWZ9ANj2piSQLGj6NQg+lKPmxrw==}
    dev: false

  /spawn-command/0.0.2-1:
    resolution: {integrity: sha512-n98l9E2RMSJ9ON1AKisHzz7V42VDiBQGY6PB1BwRglz99wpVsSuGzQ+jOi6lFXBGVTCrRpltvjm+/XA+tpeJrg==}
    dev: false

  /string-width/4.2.3:
    resolution: {integrity: sha512-wKyQRQpjJ0sIp62ErSZdGsjMJWsap5oRNihHhu6G7JVO/9jIB6UyevL+tXuOqrng8j/cxKTWyWUwvSTriiZz/g==}
    engines: {node: '>=8'}
    dependencies:
      emoji-regex: 8.0.0
      is-fullwidth-code-point: 3.0.0
      strip-ansi: 6.0.1
    dev: false

  /strip-ansi/6.0.1:
    resolution: {integrity: sha512-Y38VPSHcqkFrCpFnQ9vuSXmquuv5oXOKpGeT6aGrr3o3Gc9AlVa6JBfUSOCnbxGGZF+/0ooI7KrPuUSztUdU5A==}
    engines: {node: '>=8'}
    dependencies:
      ansi-regex: 5.0.1
    dev: false

  /supports-color/7.2.0:
    resolution: {integrity: sha512-qpCAvRl9stuOHveKsn7HncJRvv501qIacKzQlO/+Lwxc9+0q2wLyv4Dfvt80/DPn2pqOBsJdDiogXGR9+OvwRw==}
    engines: {node: '>=8'}
    dependencies:
      has-flag: 4.0.0
    dev: false

  /supports-color/8.1.1:
    resolution: {integrity: sha512-MpUEN2OodtUzxvKQl72cUF7RQ5EiHsGvSsVG0ia9c5RbWGL2CI4C7EpPS8UTBIplnlzZiNuV56w+FuNxy3ty2Q==}
    engines: {node: '>=10'}
    dependencies:
      has-flag: 4.0.0
    dev: false

  /tree-kill/1.2.2:
    resolution: {integrity: sha512-L0Orpi8qGpRG//Nd+H90vFB+3iHnue1zSSGmNOOCh1GLJ7rUKVwV2HvijphGQS2UmhUZewS9VgvxYIdgr+fG1A==}
    hasBin: true
    dev: false

  /tslib/2.4.0:
    resolution: {integrity: sha512-d6xOpEDfsi2CZVlPQzGeux8XMwLT9hssAsaPYExaQMuYskwb+x1x7J371tWlbBdWHroy99KnVB6qIkUbs5X3UQ==}
    dev: false

  /wrap-ansi/7.0.0:
    resolution: {integrity: sha512-YVGIj2kamLSTxw6NsZjoBxfSwsn0ycdesmc4p+Q21c5zPuZ1pl+NfxVdxPtdHvmNVOQ6XSYG4AUtyt/Fi7D16Q==}
    engines: {node: '>=10'}
    dependencies:
      ansi-styles: 4.3.0
      string-width: 4.2.3
      strip-ansi: 6.0.1
    dev: false

  /y18n/5.0.8:
    resolution: {integrity: sha512-0pfFzegeDWJHJIAmTLRP2DwHjdF5s7jo9tuztdQxAhINCdvS+3nGINqPd00AphqJR/0LhANUS6/+7SCb98YOfA==}
    engines: {node: '>=10'}
    dev: false

  /yargs-parser/21.1.0:
    resolution: {integrity: sha512-xzm2t63xTV/f7+bGMSRzLhUNk1ajv/tDoaD5OeGyC3cFo2fl7My9Z4hS3q2VdQ7JaLvTxErO8Jp5pRIFGMD/zg==}
    engines: {node: '>=12'}
    dev: false

  /yargs/17.5.1:
    resolution: {integrity: sha512-t6YAJcxDkNX7NFYiVtKvWUz8l+PaKTLiL63mJYWR2GnHq2gjEWISzsLp9wg3aY36dY1j+gfIEL3pIF+XlJJfbA==}
    engines: {node: '>=12'}
    dependencies:
      cliui: 7.0.4
      escalade: 3.1.1
      get-caller-file: 2.0.5
      require-directory: 2.1.1
      string-width: 4.2.3
      y18n: 5.0.8
      yargs-parser: 21.1.0
    dev: false
